
Microsoft Visual Studio Solution File, Format Version 12.00
# Visual Studio Version 17
VisualStudioVersion = 17.13.35919.96 d17.13
MinimumVisualStudioVersion = 10.0.40219.1
Project("{FAE04EC0-301F-11D3-BF4B-00C04F79EFBC}") = "Assignment5.4.2", "Assignment5.4.2.csproj", "{DF480503-249D-4080-978F-C2E262B8221F}"
EndProject
Global
	GlobalSection(SolutionConfigurationPlatforms) = preSolution
		Debug|Any CPU = Debug|Any CPU
		Release|Any CPU = Release|Any CPU
	EndGlobalSection
	GlobalSection(ProjectConfigurationPlatforms) = postSolution
		{DF480503-249D-4080-978F-C2E262B8221F}.Debug|Any CPU.ActiveCfg = Debug|Any CPU
		{DF480503-249D-4080-978F-C2E262B8221F}.Debug|Any CPU.Build.0 = Debug|Any CPU
		{DF480503-249D-4080-978F-C2E262B8221F}.Release|Any CPU.ActiveCfg = Release|Any CPU
		{DF480503-249D-4080-978F-C2E262B8221F}.Release|Any CPU.Build.0 = Release|Any CPU
	EndGlobalSection
	GlobalSection(SolutionProperties) = preSolution
		HideSolutionNode = FALSE
	EndGlobalSection
	GlobalSection(ExtensibilityGlobals) = postSolution
		SolutionGuid = {595A205B-7C01-4DBF-B191-17A153E24D64}
	EndGlobalSection
EndGlobal
